
Microsoft Visual Studio Solution File, Format Version 12.00
# Visual Studio Version 17
VisualStudioVersion = 17.7.34221.43
MinimumVisualStudioVersion = 10.0.40219.1
Project("{FAE04EC0-301F-11D3-BF4B-00C04F79EFBC}") = "UVS_task", "UVS_task.csproj", "{17DAD5F7-E308-4A1D-9906-C95DF7E790A6}"
EndProject
Global
	GlobalSection(SolutionConfigurationPlatforms) = preSolution
		Debug|Any CPU = Debug|Any CPU
		Release|Any CPU = Release|Any CPU
	EndGlobalSection
	GlobalSection(ProjectConfigurationPlatforms) = postSolution
		{17DAD5F7-E308-4A1D-9906-C95DF7E790A6}.Debug|Any CPU.ActiveCfg = Debug|Any CPU
		{17DAD5F7-E308-4A1D-9906-C95DF7E790A6}.Debug|Any CPU.Build.0 = Debug|Any CPU
		{17DAD5F7-E308-4A1D-9906-C95DF7E790A6}.Release|Any CPU.ActiveCfg = Release|Any CPU
		{17DAD5F7-E308-4A1D-9906-C95DF7E790A6}.Release|Any CPU.Build.0 = Release|Any CPU
	EndGlobalSection
	GlobalSection(SolutionProperties) = preSolution
		HideSolutionNode = FALSE
	EndGlobalSection
	GlobalSection(ExtensibilityGlobals) = postSolution
		SolutionGuid = {E2C421EA-A7F6-469D-9375-EF6A4774939F}
	EndGlobalSection
EndGlobal
